Microsoft Visual Studio Solution File, Format Version 11.00
# Visual Studio 2010
Project("{8BC9CEB8-8B4A-11D0-8D11-00A0C91BC942}") = "populationapp", "..\..\populationapp.vcxproj", "{41D286A2-7A84-3772-8FA1-35691DBF8860}"
EndProject
Project("{8BC9CEB8-8B4A-11D0-8D11-00A0C91BC942}") = "population", "population.vcxproj", "{554A9C80-F93C-3518-8E18-A98CD1A30570}"
EndProject
Project("{8BC9CEB8-8B4A-11D0-8D11-00A0C91BC942}") = "populationsharedlibrarytest", "populationsharedlibrarytest.vcxproj", "{F19C53AE-0294-3BD0-84C5-B41E2162CD6B}"
	ProjectSection(ProjectDependencies) = postProject
		{554A9C80-F93C-3518-8E18-A98CD1A30570} = {554A9C80-F93C-3518-8E18-A98CD1A30570}
	EndProjectSection
EndProject
Project("{8BC9CEB8-8B4A-11D0-8D11-00A0C91BC942}") = "germgrain", "..\article\germgrain\germgrain.vcxproj", "{D5D29C09-987C-31E5-9BCB-77989503FF57}"
	ProjectSection(ProjectDependencies) = postProject
		{554A9C80-F93C-3518-8E18-A98CD1A30570} = {554A9C80-F93C-3518-8E18-A98CD1A30570}
	EndProjectSection
EndProject
Project("{8BC9CEB8-8B4A-11D0-8D11-00A0C91BC942}") = "_population", "..\python\_population.vcxproj", "{EE58EE4F-32CA-3809-AFA3-7CB0CEB9F75B}"
EndProject
Global
	GlobalSection(SolutionConfigurationPlatforms) = preSolution
		Debug|Win32 = Debug|Win32
		Release|Win32 = Release|Win32
	EndGlobalSection
	GlobalSection(ProjectConfigurationPlatforms) = postSolution
		{41D286A2-7A84-3772-8FA1-35691DBF8860}.Debug|Win32.ActiveCfg = Debug|Win32
		{41D286A2-7A84-3772-8FA1-35691DBF8860}.Debug|Win32.Build.0 = Debug|Win32
		{41D286A2-7A84-3772-8FA1-35691DBF8860}.Release|Win32.ActiveCfg = Release|Win32
		{41D286A2-7A84-3772-8FA1-35691DBF8860}.Release|Win32.Build.0 = Release|Win32
		{554A9C80-F93C-3518-8E18-A98CD1A30570}.Debug|Win32.ActiveCfg = Debug|Win32
		{554A9C80-F93C-3518-8E18-A98CD1A30570}.Debug|Win32.Build.0 = Debug|Win32
		{554A9C80-F93C-3518-8E18-A98CD1A30570}.Release|Win32.ActiveCfg = Release|Win32
		{554A9C80-F93C-3518-8E18-A98CD1A30570}.Release|Win32.Build.0 = Release|Win32
		{F19C53AE-0294-3BD0-84C5-B41E2162CD6B}.Debug|Win32.ActiveCfg = Debug|Win32
		{F19C53AE-0294-3BD0-84C5-B41E2162CD6B}.Debug|Win32.Build.0 = Debug|Win32
		{F19C53AE-0294-3BD0-84C5-B41E2162CD6B}.Release|Win32.ActiveCfg = Release|Win32
		{F19C53AE-0294-3BD0-84C5-B41E2162CD6B}.Release|Win32.Build.0 = Release|Win32
		{D5D29C09-987C-31E5-9BCB-77989503FF57}.Debug|Win32.ActiveCfg = Debug|Win32
		{D5D29C09-987C-31E5-9BCB-77989503FF57}.Debug|Win32.Build.0 = Debug|Win32
		{D5D29C09-987C-31E5-9BCB-77989503FF57}.Release|Win32.ActiveCfg = Release|Win32
		{D5D29C09-987C-31E5-9BCB-77989503FF57}.Release|Win32.Build.0 = Release|Win32
		{EE58EE4F-32CA-3809-AFA3-7CB0CEB9F75B}.Debug|Win32.ActiveCfg = Debug|Win32
		{EE58EE4F-32CA-3809-AFA3-7CB0CEB9F75B}.Debug|Win32.Build.0 = Debug|Win32
		{EE58EE4F-32CA-3809-AFA3-7CB0CEB9F75B}.Release|Win32.ActiveCfg = Release|Win32
		{EE58EE4F-32CA-3809-AFA3-7CB0CEB9F75B}.Release|Win32.Build.0 = Release|Win32
	EndGlobalSection
	GlobalSection(SolutionProperties) = preSolution
		HideSolutionNode = FALSE
	EndGlobalSection
	GlobalSection(ExtensibilityGlobals) = postSolution
		Qt5Version = msvc2010_opengl
	EndGlobalSection
EndGlobal
